
Microsoft Visual Studio Solution File, Format Version 12.00
# Visual Studio Version 16
VisualStudioVersion = 16.0.30011.22
MinimumVisualStudioVersion = 10.0.40219.1
Project("{FAE04EC0-301F-11D3-BF4B-00C04F79EFBC}") = "ClientReservasi-102", "ClientReservasi-102\ClientReservasi-102.csproj", "{5111E97A-277C-485B-8459-9DF7B395BB16}"
EndProject
Global
	GlobalSection(SolutionConfigurationPlatforms) = preSolution
		Debug|Any CPU = Debug|Any CPU
		Release|Any CPU = Release|Any CPU
	EndGlobalSection
	GlobalSection(ProjectConfigurationPlatforms) = postSolution
		{5111E97A-277C-485B-8459-9DF7B395BB16}.Debug|Any CPU.ActiveCfg = Debug|Any CPU
		{5111E97A-277C-485B-8459-9DF7B395BB16}.Debug|Any CPU.Build.0 = Debug|Any CPU
		{5111E97A-277C-485B-8459-9DF7B395BB16}.Release|Any CPU.ActiveCfg = Release|Any CPU
		{5111E97A-277C-485B-8459-9DF7B395BB16}.Release|Any CPU.Build.0 = Release|Any CPU
	EndGlobalSection
	GlobalSection(SolutionProperties) = preSolution
		HideSolutionNode = FALSE
	EndGlobalSection
	GlobalSection(ExtensibilityGlobals) = postSolution
		SolutionGuid = {11001822-64C9-4CC4-A0EA-161B3B246820}
	EndGlobalSection
EndGlobal
